
Microsoft Visual Studio Solution File, Format Version 12.00
# Visual Studio Version 16
VisualStudioVersion = 16.0.30114.105
MinimumVisualStudioVersion = 10.0.40219.1
Project("{FAE04EC0-301F-11D3-BF4B-00C04F79EFBC}") = "lab2", "lab2.csproj", "{613CFFA4-A5E8-4D8B-BC4A-C7CD71473D6E}"
EndProject
Global
	GlobalSection(SolutionConfigurationPlatforms) = preSolution
		Debug|Any CPU = Debug|Any CPU
		Release|Any CPU = Release|Any CPU
	EndGlobalSection
	GlobalSection(ProjectConfigurationPlatforms) = postSolution
		{613CFFA4-A5E8-4D8B-BC4A-C7CD71473D6E}.Debug|Any CPU.ActiveCfg = Debug|Any CPU
		{613CFFA4-A5E8-4D8B-BC4A-C7CD71473D6E}.Debug|Any CPU.Build.0 = Debug|Any CPU
		{613CFFA4-A5E8-4D8B-BC4A-C7CD71473D6E}.Release|Any CPU.ActiveCfg = Release|Any CPU
		{613CFFA4-A5E8-4D8B-BC4A-C7CD71473D6E}.Release|Any CPU.Build.0 = Release|Any CPU
	EndGlobalSection
	GlobalSection(SolutionProperties) = preSolution
		HideSolutionNode = FALSE
	EndGlobalSection
	GlobalSection(ExtensibilityGlobals) = postSolution
		SolutionGuid = {54CB6DF2-6E08-4B19-A113-8ECB1F67AE6C}
	EndGlobalSection
EndGlobal
